// !$*UTF8*$!
{
	archiveVersion = 1;
	classes = {
	};
	objectVersion = 56;
	objects = {

/* Begin PBXBuildFile section */
		80491F802AC2C2F100095DE8 /* CalanderViewController.swift in Sources */ = {isa = PBXBuildFile; fileRef = 80491F7F2AC2C2F100095DE8 /* CalanderViewController.swift */; };
		80491F912AC4133400095DE8 /* FSCalendar in Frameworks */ = {isa = PBXBuildFile; productRef = 80491F902AC4133400095DE8 /* FSCalendar */; };
		80491F942AC71B3100095DE8 /* Localizable.strings in Resources */ = {isa = PBXBuildFile; fileRef = 80491F962AC71B3100095DE8 /* Localizable.strings */; };
		80491F9A2AC7366B00095DE8 /* String+Extension.swift in Sources */ = {isa = PBXBuildFile; fileRef = 80491F992AC7366B00095DE8 /* String+Extension.swift */; };
		80491F9C2AC87FA300095DE8 /* Observable.swift in Sources */ = {isa = PBXBuildFile; fileRef = 80491F9B2AC87FA300095DE8 /* Observable.swift */; };
		80491F9E2AC8806B00095DE8 /* CalanderViewModel.swift in Sources */ = {isa = PBXBuildFile; fileRef = 80491F9D2AC8806B00095DE8 /* CalanderViewModel.swift */; };
		8087419D2ACC2DF700F81574 /* PlanSearchViewController.swift in Sources */ = {isa = PBXBuildFile; fileRef = 8087419C2ACC2DF600F81574 /* PlanSearchViewController.swift */; };
		8087419F2ACC311C00F81574 /* PlanSearchSettingViewController.swift in Sources */ = {isa = PBXBuildFile; fileRef = 8087419E2ACC311C00F81574 /* PlanSearchSettingViewController.swift */; };
		808EADF92AC1B5F700ED57EF /* AppDelegate.swift in Sources */ = {isa = PBXBuildFile; fileRef = 808EADF82AC1B5F700ED57EF /* AppDelegate.swift */; };
		808EADFB2AC1B5F700ED57EF /* SceneDelegate.swift in Sources */ = {isa = PBXBuildFile; fileRef = 808EADFA2AC1B5F700ED57EF /* SceneDelegate.swift */; };
		808EADFD2AC1B5F700ED57EF /* MainViewController.swift in Sources */ = {isa = PBXBuildFile; fileRef = 808EADFC2AC1B5F700ED57EF /* MainViewController.swift */; };
		808EAE022AC1B5F800ED57EF /* Assets.xcassets in Resources */ = {isa = PBXBuildFile; fileRef = 808EAE012AC1B5F800ED57EF /* Assets.xcassets */; };
		808EAE052AC1B5F800ED57EF /* LaunchScreen.storyboard in Resources */ = {isa = PBXBuildFile; fileRef = 808EAE032AC1B5F800ED57EF /* LaunchScreen.storyboard */; };
		808EAE0D2AC1BFB300ED57EF /* PhotoViewController.swift in Sources */ = {isa = PBXBuildFile; fileRef = 808EAE0C2AC1BFB300ED57EF /* PhotoViewController.swift */; };
		808EAE0F2AC1D37E00ED57EF /* SearchViewController.swift in Sources */ = {isa = PBXBuildFile; fileRef = 808EAE0E2AC1D37E00ED57EF /* SearchViewController.swift */; };
		808EAE112AC1E6DF00ED57EF /* SearchTable.swift in Sources */ = {isa = PBXBuildFile; fileRef = 808EAE102AC1E6DF00ED57EF /* SearchTable.swift */; };
		808F8A592ACEDD1700D9A0EB /* Realm in Frameworks */ = {isa = PBXBuildFile; productRef = 808F8A582ACEDD1700D9A0EB /* Realm */; };
		808F8A5B2ACEDD1700D9A0EB /* RealmSwift in Frameworks */ = {isa = PBXBuildFile; productRef = 808F8A5A2ACEDD1700D9A0EB /* RealmSwift */; };
		80FFBD102AC9BD5C00DD8FCC /* PlanViewController.swift in Sources */ = {isa = PBXBuildFile; fileRef = 80FFBD0F2AC9BD5C00DD8FCC /* PlanViewController.swift */; };
		80FFBD122ACAAA2500DD8FCC /* PlanTableViewCell.swift in Sources */ = {isa = PBXBuildFile; fileRef = 80FFBD112ACAAA2500DD8FCC /* PlanTableViewCell.swift */; };
/* End PBXBuildFile section */

/* Begin PBXFileReference section */
		80491F7F2AC2C2F100095DE8 /* CalanderViewController.swift */ = {isa = PBXFileReference; lastKnownFileType = sourcecode.swift; path = CalanderViewController.swift; sourceTree = "<group>"; };
		80491F952AC71B3100095DE8 /* en */ = {isa = PBXFileReference; lastKnownFileType = text.plist.strings; name = en; path = en.lproj/Localizable.strings; sourceTree = "<group>"; };
		80491F972AC71B6300095DE8 /* ja */ = {isa = PBXFileReference; lastKnownFileType = text.plist.strings; name = ja; path = ja.lproj/Localizable.strings; sourceTree = "<group>"; };
		80491F982AC71B6E00095DE8 /* ko */ = {isa = PBXFileReference; lastKnownFileType = text.plist.strings; name = ko; path = ko.lproj/Localizable.strings; sourceTree = "<group>"; };
		80491F992AC7366B00095DE8 /* String+Extension.swift */ = {isa = PBXFileReference; lastKnownFileType = sourcecode.swift; path = "String+Extension.swift"; sourceTree = "<group>"; };
		80491F9B2AC87FA300095DE8 /* Observable.swift */ = {isa = PBXFileReference; lastKnownFileType = sourcecode.swift; path = Observable.swift; sourceTree = "<group>"; };
		80491F9D2AC8806B00095DE8 /* CalanderViewModel.swift */ = {isa = PBXFileReference; lastKnownFileType = sourcecode.swift; path = CalanderViewModel.swift; sourceTree = "<group>"; };
		8087419C2ACC2DF600F81574 /* PlanSearchViewController.swift */ = {isa = PBXFileReference; lastKnownFileType = sourcecode.swift; path = PlanSearchViewController.swift; sourceTree = "<group>"; };
		8087419E2ACC311C00F81574 /* PlanSearchSettingViewController.swift */ = {isa = PBXFileReference; lastKnownFileType = sourcecode.swift; path = PlanSearchSettingViewController.swift; sourceTree = "<group>"; };
		808EADF52AC1B5F700ED57EF /* TravelAppProject.app */ = {isa = PBXFileReference; explicitFileType = wrapper.application; includeInIndex = 0; path = TravelAppProject.app; sourceTree = BUILT_PRODUCTS_DIR; };
		808EADF82AC1B5F700ED57EF /* AppDelegate.swift */ = {isa = PBXFileReference; lastKnownFileType = sourcecode.swift; path = AppDelegate.swift; sourceTree = "<group>"; };
		808EADFA2AC1B5F700ED57EF /* SceneDelegate.swift */ = {isa = PBXFileReference; lastKnownFileType = sourcecode.swift; path = SceneDelegate.swift; sourceTree = "<group>"; };
		808EADFC2AC1B5F700ED57EF /* MainViewController.swift */ = {isa = PBXFileReference; lastKnownFileType = sourcecode.swift; path = MainViewController.swift; sourceTree = "<group>"; };
		808EAE012AC1B5F800ED57EF /* Assets.xcassets */ = {isa = PBXFileReference; lastKnownFileType = folder.assetcatalog; path = Assets.xcassets; sourceTree = "<group>"; };
		808EAE042AC1B5F800ED57EF /* Base */ = {isa = PBXFileReference; lastKnownFileType = file.storyboard; name = Base; path = Base.lproj/LaunchScreen.storyboard; sourceTree = "<group>"; };
		808EAE062AC1B5F800ED57EF /* Info.plist */ = {isa = PBXFileReference; lastKnownFileType = text.plist.xml; path = Info.plist; sourceTree = "<group>"; };
		808EAE0C2AC1BFB300ED57EF /* PhotoViewController.swift */ = {isa = PBXFileReference; lastKnownFileType = sourcecode.swift; path = PhotoViewController.swift; sourceTree = "<group>"; };
		808EAE0E2AC1D37E00ED57EF /* SearchViewController.swift */ = {isa = PBXFileReference; lastKnownFileType = sourcecode.swift; path = SearchViewController.swift; sourceTree = "<group>"; };
		808EAE102AC1E6DF00ED57EF /* SearchTable.swift */ = {isa = PBXFileReference; lastKnownFileType = sourcecode.swift; path = SearchTable.swift; sourceTree = "<group>"; };
		80FFBD0F2AC9BD5C00DD8FCC /* PlanViewController.swift */ = {isa = PBXFileReference; lastKnownFileType = sourcecode.swift; path = PlanViewController.swift; sourceTree = "<group>"; };
		80FFBD112ACAAA2500DD8FCC /* PlanTableViewCell.swift */ = {isa = PBXFileReference; lastKnownFileType = sourcecode.swift; path = PlanTableViewCell.swift; sourceTree = "<group>"; };
/* End PBXFileReference section */

/* Begin PBXFrameworksBuildPhase section */
		808EADF22AC1B5F700ED57EF /* Frameworks */ = {
			isa = PBXFrameworksBuildPhase;
			buildActionMask = 2147483647;
			files = (
				808F8A5B2ACEDD1700D9A0EB /* RealmSwift in Frameworks */,
				808F8A592ACEDD1700D9A0EB /* Realm in Frameworks */,
				80491F912AC4133400095DE8 /* FSCalendar in Frameworks */,
			);
			runOnlyForDeploymentPostprocessing = 0;
		};
/* End PBXFrameworksBuildPhase section */

/* Begin PBXGroup section */
		808EADEC2AC1B5F700ED57EF = {
			isa = PBXGroup;
			children = (
				808EADF72AC1B5F700ED57EF /* TravelAppProject */,
				808EADF62AC1B5F700ED57EF /* Products */,
			);
			sourceTree = "<group>";
		};
		808EADF62AC1B5F700ED57EF /* Products */ = {
			isa = PBXGroup;
			children = (
				808EADF52AC1B5F700ED57EF /* TravelAppProject.app */,
			);
			name = Products;
			sourceTree = "<group>";
		};
		808EADF72AC1B5F700ED57EF /* TravelAppProject */ = {
			isa = PBXGroup;
			children = (
				808EADF82AC1B5F700ED57EF /* AppDelegate.swift */,
				808EADFA2AC1B5F700ED57EF /* SceneDelegate.swift */,
				808EAE0C2AC1BFB300ED57EF /* PhotoViewController.swift */,
				808EADFC2AC1B5F700ED57EF /* MainViewController.swift */,
				808EAE0E2AC1D37E00ED57EF /* SearchViewController.swift */,
				80491F7F2AC2C2F100095DE8 /* CalanderViewController.swift */,
				80FFBD0F2AC9BD5C00DD8FCC /* PlanViewController.swift */,
				8087419C2ACC2DF600F81574 /* PlanSearchViewController.swift */,
				8087419E2ACC311C00F81574 /* PlanSearchSettingViewController.swift */,
				80FFBD112ACAAA2500DD8FCC /* PlanTableViewCell.swift */,
				80491F9D2AC8806B00095DE8 /* CalanderViewModel.swift */,
				80491F9B2AC87FA300095DE8 /* Observable.swift */,
				808EAE102AC1E6DF00ED57EF /* SearchTable.swift */,
				808EAE012AC1B5F800ED57EF /* Assets.xcassets */,
				808EAE032AC1B5F800ED57EF /* LaunchScreen.storyboard */,
				808EAE062AC1B5F800ED57EF /* Info.plist */,
				80491F992AC7366B00095DE8 /* String+Extension.swift */,
				80491F962AC71B3100095DE8 /* Localizable.strings */,
			);
			path = TravelAppProject;
			sourceTree = "<group>";
		};
/* End PBXGroup section */

/* Begin PBXNativeTarget section */
		808EADF42AC1B5F700ED57EF /* TravelAppProject */ = {
			isa = PBXNativeTarget;
			buildConfigurationList = 808EAE092AC1B5F800ED57EF /* Build configuration list for PBXNativeTarget "TravelAppProject" */;
			buildPhases = (
				808EADF12AC1B5F700ED57EF /* Sources */,
				808EADF22AC1B5F700ED57EF /* Frameworks */,
				808EADF32AC1B5F700ED57EF /* Resources */,
			);
			buildRules = (
			);
			dependencies = (
			);
			name = TravelAppProject;
			packageProductDependencies = (
				80491F902AC4133400095DE8 /* FSCalendar */,
				808F8A582ACEDD1700D9A0EB /* Realm */,
				808F8A5A2ACEDD1700D9A0EB /* RealmSwift */,
			);
			productName = TravelAppProject;
			productReference = 808EADF52AC1B5F700ED57EF /* TravelAppProject.app */;
			productType = "com.apple.product-type.application";
		};
/* End PBXNativeTarget section */

/* Begin PBXProject section */
		808EADED2AC1B5F700ED57EF /* Project object */ = {
			isa = PBXProject;
			attributes = {
				BuildIndependentTargetsInParallel = 1;
				LastSwiftUpdateCheck = 1500;
				LastUpgradeCheck = 1500;
				TargetAttributes = {
					808EADF42AC1B5F700ED57EF = {
						CreatedOnToolsVersion = 15.0;
					};
				};
			};
			buildConfigurationList = 808EADF02AC1B5F700ED57EF /* Build configuration list for PBXProject "TravelAppProject" */;
			compatibilityVersion = "Xcode 14.0";
			developmentRegion = en;
			hasScannedForEncodings = 0;
			knownRegions = (
				en,
				Base,
				ja,
				ko,
			);
			mainGroup = 808EADEC2AC1B5F700ED57EF;
			packageReferences = (
				80491F8F2AC4133400095DE8 /* XCRemoteSwiftPackageReference "FSCalendar" */,
				808F8A572ACEDD1700D9A0EB /* XCRemoteSwiftPackageReference "realm-swift" */,
			);
			productRefGroup = 808EADF62AC1B5F700ED57EF /* Products */;
			projectDirPath = "";
			projectRoot = "";
			targets = (
				808EADF42AC1B5F700ED57EF /* TravelAppProject */,
			);
		};
/* End PBXProject section */

/* Begin PBXResourcesBuildPhase section */
		808EADF32AC1B5F700ED57EF /* Resources */ = {
			isa = PBXResourcesBuildPhase;
			buildActionMask = 2147483647;
			files = (
				808EAE052AC1B5F800ED57EF /* LaunchScreen.storyboard in Resources */,
				80491F942AC71B3100095DE8 /* Localizable.strings in Resources */,
				808EAE022AC1B5F800ED57EF /* Assets.xcassets in Resources */,
			);
			runOnlyForDeploymentPostprocessing = 0;
		};
/* End PBXResourcesBuildPhase section */

/* Begin PBXSourcesBuildPhase section */
		808EADF12AC1B5F700ED57EF /* Sources */ = {
			isa = PBXSourcesBuildPhase;
			buildActionMask = 2147483647;
			files = (
				80491F9E2AC8806B00095DE8 /* CalanderViewModel.swift in Sources */,
				80FFBD122ACAAA2500DD8FCC /* PlanTableViewCell.swift in Sources */,
				80491F9A2AC7366B00095DE8 /* String+Extension.swift in Sources */,
				808EAE0F2AC1D37E00ED57EF /* SearchViewController.swift in Sources */,
				8087419F2ACC311C00F81574 /* PlanSearchSettingViewController.swift in Sources */,
				808EADFD2AC1B5F700ED57EF /* MainViewController.swift in Sources */,
				808EAE112AC1E6DF00ED57EF /* SearchTable.swift in Sources */,
				80491F9C2AC87FA300095DE8 /* Observable.swift in Sources */,
				80491F802AC2C2F100095DE8 /* CalanderViewController.swift in Sources */,
				8087419D2ACC2DF700F81574 /* PlanSearchViewController.swift in Sources */,
				80FFBD102AC9BD5C00DD8FCC /* PlanViewController.swift in Sources */,
				808EAE0D2AC1BFB300ED57EF /* PhotoViewController.swift in Sources */,
				808EADF92AC1B5F700ED57EF /* AppDelegate.swift in Sources */,
				808EADFB2AC1B5F700ED57EF /* SceneDelegate.swift in Sources */,
			);
			runOnlyForDeploymentPostprocessing = 0;
		};
/* End PBXSourcesBuildPhase section */

/* Begin PBXVariantGroup section */
		80491F962AC71B3100095DE8 /* Localizable.strings */ = {
			isa = PBXVariantGroup;
			children = (
				80491F952AC71B3100095DE8 /* en */,
				80491F972AC71B6300095DE8 /* ja */,
				80491F982AC71B6E00095DE8 /* ko */,
			);
			name = Localizable.strings;
			sourceTree = "<group>";
		};
		808EAE032AC1B5F800ED57EF /* LaunchScreen.storyboard */ = {
			isa = PBXVariantGroup;
			children = (
				808EAE042AC1B5F800ED57EF /* Base */,
			);
			name = LaunchScreen.storyboard;
			sourceTree = "<group>";
		};
/* End PBXVariantGroup section */

/* Begin XCBuildConfiguration section */
		808EAE072AC1B5F800ED57EF /* Debug */ = {
			isa = XCBuildConfiguration;
			buildSettings = {
				ALWAYS_SEARCH_USER_PATHS = NO;
				ASSETCATALOG_COMPILER_GENERATE_SWIFT_ASSET_SYMBOL_EXTENSIONS = YES;
				CLANG_ANALYZER_LOCALIZABILITY_NONLOCALIZED = YES;
				CLANG_ANALYZER_NONNULL = YES;
				CLANG_ANALYZER_NUMBER_OBJECT_CONVERSION = YES_AGGRESSIVE;
				CLANG_CXX_LANGUAGE_STANDARD = "gnu++20";
				CLANG_ENABLE_MODULES = YES;
				CLANG_ENABLE_OBJC_ARC = YES;
				CLANG_ENABLE_OBJC_WEAK = YES;
				CLANG_WARN_BLOCK_CAPTURE_AUTORELEASING = YES;
				CLANG_WARN_BOOL_CONVERSION = YES;
				CLANG_WARN_COMMA = YES;
				CLANG_WARN_CONSTANT_CONVERSION = YES;
				CLANG_WARN_DEPRECATED_OBJC_IMPLEMENTATIONS = YES;
				CLANG_WARN_DIRECT_OBJC_ISA_USAGE = YES_ERROR;
				CLANG_WARN_DOCUMENTATION_COMMENTS = YES;
				CLANG_WARN_EMPTY_BODY = YES;
				CLANG_WARN_ENUM_CONVERSION = YES;
				CLANG_WARN_INFINITE_RECURSION = YES;
				CLANG_WARN_INT_CONVERSION = YES;
				CLANG_WARN_NON_LITERAL_NULL_CONVERSION = YES;
				CLANG_WARN_OBJC_IMPLICIT_RETAIN_SELF = YES;
				CLANG_WARN_OBJC_LITERAL_CONVERSION = YES;
				CLANG_WARN_OBJC_ROOT_CLASS = YES_ERROR;
				CLANG_WARN_QUOTED_INCLUDE_IN_FRAMEWORK_HEADER = YES;
				CLANG_WARN_RANGE_LOOP_ANALYSIS = YES;
				CLANG_WARN_STRICT_PROTOTYPES = YES;
				CLANG_WARN_SUSPICIOUS_MOVE = YES;
				CLANG_WARN_UNGUARDED_AVAILABILITY = YES_AGGRESSIVE;
				CLANG_WARN_UNREACHABLE_CODE = YES;
				CLANG_WARN__DUPLICATE_METHOD_MATCH = YES;
				COPY_PHASE_STRIP = NO;
				DEBUG_INFORMATION_FORMAT = dwarf;
				ENABLE_STRICT_OBJC_MSGSEND = YES;
				ENABLE_TESTABILITY = YES;
				ENABLE_USER_SCRIPT_SANDBOXING = YES;
				GCC_C_LANGUAGE_STANDARD = gnu17;
				GCC_DYNAMIC_NO_PIC = NO;
				GCC_NO_COMMON_BLOCKS = YES;
				GCC_OPTIMIZATION_LEVEL = 0;
				GCC_PREPROCESSOR_DEFINITIONS = (
					"DEBUG=1",
					"$(inherited)",
				);
				GCC_WARN_64_TO_32_BIT_CONVERSION = YES;
				GCC_WARN_ABOUT_RETURN_TYPE = YES_ERROR;
				GCC_WARN_UNDECLARED_SELECTOR = YES;
				GCC_WARN_UNINITIALIZED_AUTOS = YES_AGGRESSIVE;
				GCC_WARN_UNUSED_FUNCTION = YES;
				GCC_WARN_UNUSED_VARIABLE = YES;
				IPHONEOS_DEPLOYMENT_TARGET = 17.0;
				LOCALIZATION_PREFERS_STRING_CATALOGS = YES;
				MTL_ENABLE_DEBUG_INFO = INCLUDE_SOURCE;
				MTL_FAST_MATH = YES;
				ONLY_ACTIVE_ARCH = YES;
				SDKROOT = iphoneos;
				SWIFT_ACTIVE_COMPILATION_CONDITIONS = "DEBUG $(inherited)";
				SWIFT_OPTIMIZATION_LEVEL = "-Onone";
			};
			name = Debug;
		};
		808EAE082AC1B5F800ED57EF /* Release */ = {
			isa = XCBuildConfiguration;
			buildSettings = {
				ALWAYS_SEARCH_USER_PATHS = NO;
				ASSETCATALOG_COMPILER_GENERATE_SWIFT_ASSET_SYMBOL_EXTENSIONS = YES;
				CLANG_ANALYZER_LOCALIZABILITY_NONLOCALIZED = YES;
				CLANG_ANALYZER_NONNULL = YES;
				CLANG_ANALYZER_NUMBER_OBJECT_CONVERSION = YES_AGGRESSIVE;
				CLANG_CXX_LANGUAGE_STANDARD = "gnu++20";
				CLANG_ENABLE_MODULES = YES;
				CLANG_ENABLE_OBJC_ARC = YES;
				CLANG_ENABLE_OBJC_WEAK = YES;
				CLANG_WARN_BLOCK_CAPTURE_AUTORELEASING = YES;
				CLANG_WARN_BOOL_CONVERSION = YES;
				CLANG_WARN_COMMA = YES;
				CLANG_WARN_CONSTANT_CONVERSION = YES;
				CLANG_WARN_DEPRECATED_OBJC_IMPLEMENTATIONS = YES;
				CLANG_WARN_DIRECT_OBJC_ISA_USAGE = YES_ERROR;
				CLANG_WARN_DOCUMENTATION_COMMENTS = YES;
				CLANG_WARN_EMPTY_BODY = YES;
				CLANG_WARN_ENUM_CONVERSION = YES;
				CLANG_WARN_INFINITE_RECURSION = YES;
				CLANG_WARN_INT_CONVERSION = YES;
				CLANG_WARN_NON_LITERAL_NULL_CONVERSION = YES;
				CLANG_WARN_OBJC_IMPLICIT_RETAIN_SELF = YES;
				CLANG_WARN_OBJC_LITERAL_CONVERSION = YES;
				CLANG_WARN_OBJC_ROOT_CLASS = YES_ERROR;
				CLANG_WARN_QUOTED_INCLUDE_IN_FRAMEWORK_HEADER = YES;
				CLANG_WARN_RANGE_LOOP_ANALYSIS = YES;
				CLANG_WARN_STRICT_PROTOTYPES = YES;
				CLANG_WARN_SUSPICIOUS_MOVE = YES;
				CLANG_WARN_UNGUARDED_AVAILABILITY = YES_AGGRESSIVE;
				CLANG_WARN_UNREACHABLE_CODE = YES;
				CLANG_WARN__DUPLICATE_METHOD_MATCH = YES;
				COPY_PHASE_STRIP = NO;
				DEBUG_INFORMATION_FORMAT = "dwarf-with-dsym";
				ENABLE_NS_ASSERTIONS = NO;
				ENABLE_STRICT_OBJC_MSGSEND = YES;
				ENABLE_USER_SCRIPT_SANDBOXING = YES;
				GCC_C_LANGUAGE_STANDARD = gnu17;
				GCC_NO_COMMON_BLOCKS = YES;
				GCC_WARN_64_TO_32_BIT_CONVERSION = YES;
				GCC_WARN_ABOUT_RETURN_TYPE = YES_ERROR;
				GCC_WARN_UNDECLARED_SELECTOR = YES;
				GCC_WARN_UNINITIALIZED_AUTOS = YES_AGGRESSIVE;
				GCC_WARN_UNUSED_FUNCTION = YES;
				GCC_WARN_UNUSED_VARIABLE = YES;
				IPHONEOS_DEPLOYMENT_TARGET = 17.0;
				LOCALIZATION_PREFERS_STRING_CATALOGS = YES;
				MTL_ENABLE_DEBUG_INFO = NO;
				MTL_FAST_MATH = YES;
				SDKROOT = iphoneos;
				SWIFT_COMPILATION_MODE = wholemodule;
				VALIDATE_PRODUCT = YES;
			};
			name = Release;
		};
		808EAE0A2AC1B5F800ED57EF /* Debug */ = {
			isa = XCBuildConfiguration;
			buildSettings = {
				ASSETCATALOG_COMPILER_APPICON_NAME = AppIcon;
				ASSETCATALOG_COMPILER_GLOBAL_ACCENT_COLOR_NAME = AccentColor;
				CODE_SIGN_STYLE = Automatic;
				CURRENT_PROJECT_VERSION = 1;
				DEVELOPMENT_TEAM = PUJ68C53FY;
				GENERATE_INFOPLIST_FILE = YES;
				INFOPLIST_FILE = TravelAppProject/Info.plist;
				INFOPLIST_KEY_UIApplicationSupportsIndirectInputEvents = YES;
				INFOPLIST_KEY_UILaunchStoryboardName = LaunchScreen;
				INFOPLIST_KEY_UISupportedInterfaceOrientations = UIInterfaceOrientationPortrait;
				INFOPLIST_KEY_UISupportedInterfaceOrientations_iPad = "UIInterfaceOrientationLandscapeLeft UIInterfaceOrientationLandscapeRight UIInterfaceOrientationPortrait UIInterfaceOrientationPortraitUpsideDown";
				IPHONEOS_DEPLOYMENT_TARGET = 15.0;
				LD_RUNPATH_SEARCH_PATHS = (
					"$(inherited)",
					"@executable_path/Frameworks",
				);
				MARKETING_VERSION = 1.0;
				PRODUCT_BUNDLE_IDENTIFIER = com.Han.TravelAppProject;
				PRODUCT_NAME = "$(TARGET_NAME)";
				SUPPORTED_PLATFORMS = "iphoneos iphonesimulator";
				SUPPORTS_MACCATALYST = NO;
				SUPPORTS_MAC_DESIGNED_FOR_IPHONE_IPAD = NO;
				SWIFT_EMIT_LOC_STRINGS = YES;
				SWIFT_VERSION = 5.0;
				TARGETED_DEVICE_FAMILY = 1;
			};
			name = Debug;
		};
		808EAE0B2AC1B5F800ED57EF /* Release */ = {
			isa = XCBuildConfiguration;
			buildSettings = {
				ASSETCATALOG_COMPILER_APPICON_NAME = AppIcon;
				ASSETCATALOG_COMPILER_GLOBAL_ACCENT_COLOR_NAME = AccentColor;
				CODE_SIGN_STYLE = Automatic;
				CURRENT_PROJECT_VERSION = 1;
				DEVELOPMENT_TEAM = PUJ68C53FY;
				GENERATE_INFOPLIST_FILE = YES;
				INFOPLIST_FILE = TravelAppProject/Info.plist;
				INFOPLIST_KEY_UIApplicationSupportsIndirectInputEvents = YES;
				INFOPLIST_KEY_UILaunchStoryboardName = LaunchScreen;
				INFOPLIST_KEY_UISupportedInterfaceOrientations = UIInterfaceOrientationPortrait;
				INFOPLIST_KEY_UISupportedInterfaceOrientations_iPad = "UIInterfaceOrientationLandscapeLeft UIInterfaceOrientationLandscapeRight UIInterfaceOrientationPortrait UIInterfaceOrientationPortraitUpsideDown";
				IPHONEOS_DEPLOYMENT_TARGET = 15.0;
				LD_RUNPATH_SEARCH_PATHS = (
					"$(inherited)",
					"@executable_path/Frameworks",
				);
				MARKETING_VERSION = 1.0;
				PRODUCT_BUNDLE_IDENTIFIER = com.Han.TravelAppProject;
				PRODUCT_NAME = "$(TARGET_NAME)";
				SUPPORTED_PLATFORMS = "iphoneos iphonesimulator";
				SUPPORTS_MACCATALYST = NO;
				SUPPORTS_MAC_DESIGNED_FOR_IPHONE_IPAD = NO;
				SWIFT_EMIT_LOC_STRINGS = YES;
				SWIFT_VERSION = 5.0;
				TARGETED_DEVICE_FAMILY = 1;
			};
			name = Release;
		};
/* End XCBuildConfiguration section */

/* Begin XCConfigurationList section */
		808EADF02AC1B5F700ED57EF /* Build configuration list for PBXProject "TravelAppProject" */ = {
			isa = XCConfigurationList;
			buildConfigurations = (
				808EAE072AC1B5F800ED57EF /* Debug */,
				808EAE082AC1B5F800ED57EF /* Release */,
			);
			defaultConfigurationIsVisible = 0;
			defaultConfigurationName = Release;
		};
		808EAE092AC1B5F800ED57EF /* Build configuration list for PBXNativeTarget "TravelAppProject" */ = {
			isa = XCConfigurationList;
			buildConfigurations = (
				808EAE0A2AC1B5F800ED57EF /* Debug */,
				808EAE0B2AC1B5F800ED57EF /* Release */,
			);
			defaultConfigurationIsVisible = 0;
			defaultConfigurationName = Release;
		};
/* End XCConfigurationList section */

/* Begin XCRemoteSwiftPackageReference section */
		80491F8F2AC4133400095DE8 /* XCRemoteSwiftPackageReference "FSCalendar" */ = {
			isa = XCRemoteSwiftPackageReference;
			repositoryURL = "https://github.com/WenchaoD/FSCalendar.git";
			requirement = {
				kind = upToNextMajorVersion;
				minimumVersion = 2.8.4;
			};
		};
		808F8A572ACEDD1700D9A0EB /* XCRemoteSwiftPackageReference "realm-swift" */ = {
			isa = XCRemoteSwiftPackageReference;
			repositoryURL = "https://github.com/realm/realm-swift.git";
			requirement = {
				branch = master;
				kind = branch;
			};
		};
/* End XCRemoteSwiftPackageReference section */

/* Begin XCSwiftPackageProductDependency section */
		80491F902AC4133400095DE8 /* FSCalendar */ = {
			isa = XCSwiftPackageProductDependency;
			package = 80491F8F2AC4133400095DE8 /* XCRemoteSwiftPackageReference "FSCalendar" */;
			productName = FSCalendar;
		};
		808F8A582ACEDD1700D9A0EB /* Realm */ = {
			isa = XCSwiftPackageProductDependency;
			package = 808F8A572ACEDD1700D9A0EB /* XCRemoteSwiftPackageReference "realm-swift" */;
			productName = Realm;
		};
		808F8A5A2ACEDD1700D9A0EB /* RealmSwift */ = {
			isa = XCSwiftPackageProductDependency;
			package = 808F8A572ACEDD1700D9A0EB /* XCRemoteSwiftPackageReference "realm-swift" */;
			productName = RealmSwift;
		};
/* End XCSwiftPackageProductDependency section */
	};
	rootObject = 808EADED2AC1B5F700ED57EF /* Project object */;
}
